
Microsoft Visual Studio Solution File, Format Version 12.00
# Visual Studio Version 16
VisualStudioVersion = 16.0.28922.388
MinimumVisualStudioVersion = 10.0.40219.1
Project("{FAE04EC0-301F-11D3-BF4B-00C04F79EFBC}") = "Collection List", "Collection List\Collection List.csproj", "{62BB1B6E-F4A7-495D-BF8E-C6A593265797}"
EndProject
Global
	GlobalSection(SolutionConfigurationPlatforms) = preSolution
		Debug|Any CPU = Debug|Any CPU
		Release|Any CPU = Release|Any CPU
	EndGlobalSection
	GlobalSection(ProjectConfigurationPlatforms) = postSolution
		{62BB1B6E-F4A7-495D-BF8E-C6A593265797}.Debug|Any CPU.ActiveCfg = Debug|Any CPU
		{62BB1B6E-F4A7-495D-BF8E-C6A593265797}.Debug|Any CPU.Build.0 = Debug|Any CPU
		{62BB1B6E-F4A7-495D-BF8E-C6A593265797}.Release|Any CPU.ActiveCfg = Release|Any CPU
		{62BB1B6E-F4A7-495D-BF8E-C6A593265797}.Release|Any CPU.Build.0 = Release|Any CPU
	EndGlobalSection
	GlobalSection(SolutionProperties) = preSolution
		HideSolutionNode = FALSE
	EndGlobalSection
	GlobalSection(ExtensibilityGlobals) = postSolution
		SolutionGuid = {B19FB3AC-0DB6-470F-A049-6C0C9B5A2441}
	EndGlobalSection
EndGlobal
